
Microsoft Visual Studio Solution File, Format Version 12.00
# Visual Studio 15
VisualStudioVersion = 15.0.28307.572
MinimumVisualStudioVersion = 10.0.40219.1
Project("{8BC9CEB8-8B4A-11D0-8D11-00A0C91BC942}") = "CGLab4", "CGLab4\CGLab4.vcxproj", "{5C155A30-C8A8-497A-9A8D-FA89E13A04DE}"
EndProject
Global
	GlobalSection(SolutionConfigurationPlatforms) = preSolution
		Debug|x64 = Debug|x64
		Debug|x86 = Debug|x86
		Release|x64 = Release|x64
		Release|x86 = Release|x86
	EndGlobalSection
	GlobalSection(ProjectConfigurationPlatforms) = postSolution
		{5C155A30-C8A8-497A-9A8D-FA89E13A04DE}.Debug|x64.ActiveCfg = Debug|x64
		{5C155A30-C8A8-497A-9A8D-FA89E13A04DE}.Debug|x64.Build.0 = Debug|x64
		{5C155A30-C8A8-497A-9A8D-FA89E13A04DE}.Debug|x86.ActiveCfg = Debug|Win32
		{5C155A30-C8A8-497A-9A8D-FA89E13A04DE}.Debug|x86.Build.0 = Debug|Win32
		{5C155A30-C8A8-497A-9A8D-FA89E13A04DE}.Release|x64.ActiveCfg = Release|x64
		{5C155A30-C8A8-497A-9A8D-FA89E13A04DE}.Release|x64.Build.0 = Release|x64
		{5C155A30-C8A8-497A-9A8D-FA89E13A04DE}.Release|x86.ActiveCfg = Release|Win32
		{5C155A30-C8A8-497A-9A8D-FA89E13A04DE}.Release|x86.Build.0 = Release|Win32
	EndGlobalSection
	GlobalSection(SolutionProperties) = preSolution
		HideSolutionNode = FALSE
	EndGlobalSection
	GlobalSection(ExtensibilityGlobals) = postSolution
		SolutionGuid = {2DF48562-AA47-4D3E-96E0-EB3E7CDE7516}
	EndGlobalSection
EndGlobal
